
Microsoft Visual Studio Solution File, Format Version 12.00
# Visual Studio 15
VisualStudioVersion = 15.0.27130.2036
MinimumVisualStudioVersion = 10.0.40219.1
Project("{FAE04EC0-301F-11D3-BF4B-00C04F79EFBC}") = "Stratego", "Stratego\Stratego.csproj", "{64A0C50A-46BA-4849-9884-BF895637684C}"
EndProject
Global
	GlobalSection(SolutionConfigurationPlatforms) = preSolution
		Debug|Any CPU = Debug|Any CPU
		Release|Any CPU = Release|Any CPU
	EndGlobalSection
	GlobalSection(ProjectConfigurationPlatforms) = postSolution
		{64A0C50A-46BA-4849-9884-BF895637684C}.Debug|Any CPU.ActiveCfg = Debug|Any CPU
		{64A0C50A-46BA-4849-9884-BF895637684C}.Debug|Any CPU.Build.0 = Debug|Any CPU
		{64A0C50A-46BA-4849-9884-BF895637684C}.Release|Any CPU.ActiveCfg = Release|Any CPU
		{64A0C50A-46BA-4849-9884-BF895637684C}.Release|Any CPU.Build.0 = Release|Any CPU
	EndGlobalSection
	GlobalSection(SolutionProperties) = preSolution
		HideSolutionNode = FALSE
	EndGlobalSection
	GlobalSection(ExtensibilityGlobals) = postSolution
		SolutionGuid = {0E164B61-5EED-4253-AE52-D31658A0A400}
	EndGlobalSection
EndGlobal
